
Microsoft Visual Studio Solution File, Format Version 12.00
# Visual Studio 15
VisualStudioVersion = 15.0.26403.7
MinimumVisualStudioVersion = 10.0.40219.1
Project("{9A19103F-16F7-4668-BE54-9A1E7A4F7556}") = "Gui.Sharp", "Gui.Sharp\Gui.Sharp.csproj", "{1E4060FE-BCB8-4ACA-8C1F-19CFE8568058}"
EndProject
Project("{9A19103F-16F7-4668-BE54-9A1E7A4F7556}") = "Gui.Sharp.Tests", "Gui.Sharp.Tests\Gui.Sharp.Tests.csproj", "{E896E4BD-9311-4C69-9FB3-36EBCD7AAF6B}"
EndProject
Project("{9A19103F-16F7-4668-BE54-9A1E7A4F7556}") = "Gui.Sharp.Samples", "Gui.Sharp.Samples\Gui.Sharp.Samples.csproj", "{06D2E2D7-9391-43CA-A7A7-FC72BF8A90A4}"
EndProject
Global
	GlobalSection(SolutionConfigurationPlatforms) = preSolution
		Debug|Any CPU = Debug|Any CPU
		Release|Any CPU = Release|Any CPU
	EndGlobalSection
	GlobalSection(ProjectConfigurationPlatforms) = postSolution
		{1E4060FE-BCB8-4ACA-8C1F-19CFE8568058}.Debug|Any CPU.ActiveCfg = Debug|Any CPU
		{1E4060FE-BCB8-4ACA-8C1F-19CFE8568058}.Debug|Any CPU.Build.0 = Debug|Any CPU
		{1E4060FE-BCB8-4ACA-8C1F-19CFE8568058}.Release|Any CPU.ActiveCfg = Release|Any CPU
		{1E4060FE-BCB8-4ACA-8C1F-19CFE8568058}.Release|Any CPU.Build.0 = Release|Any CPU
		{E896E4BD-9311-4C69-9FB3-36EBCD7AAF6B}.Debug|Any CPU.ActiveCfg = Debug|Any CPU
		{E896E4BD-9311-4C69-9FB3-36EBCD7AAF6B}.Debug|Any CPU.Build.0 = Debug|Any CPU
		{E896E4BD-9311-4C69-9FB3-36EBCD7AAF6B}.Release|Any CPU.ActiveCfg = Release|Any CPU
		{E896E4BD-9311-4C69-9FB3-36EBCD7AAF6B}.Release|Any CPU.Build.0 = Release|Any CPU
		{06D2E2D7-9391-43CA-A7A7-FC72BF8A90A4}.Debug|Any CPU.ActiveCfg = Debug|Any CPU
		{06D2E2D7-9391-43CA-A7A7-FC72BF8A90A4}.Debug|Any CPU.Build.0 = Debug|Any CPU
		{06D2E2D7-9391-43CA-A7A7-FC72BF8A90A4}.Release|Any CPU.ActiveCfg = Release|Any CPU
		{06D2E2D7-9391-43CA-A7A7-FC72BF8A90A4}.Release|Any CPU.Build.0 = Release|Any CPU
	EndGlobalSection
	GlobalSection(SolutionProperties) = preSolution
		HideSolutionNode = FALSE
	EndGlobalSection
EndGlobal
