
Microsoft Visual Studio Solution File, Format Version 12.00
# Visual Studio 15
VisualStudioVersion = 15.0.26724.1
MinimumVisualStudioVersion = 10.0.40219.1
Project("{FAE04EC0-301F-11D3-BF4B-00C04F79EFBC}") = "Gui.Sharp", "Gui.Sharp\Gui.Sharp.csproj", "{36E9007D-FFA2-4E71-A7BE-871CFF56B620}"
EndProject
Project("{FAE04EC0-301F-11D3-BF4B-00C04F79EFBC}") = "Gui.Sharp.Samples", "Gui.Sharp.Samples\Gui.Sharp.Samples.csproj", "{16786192-C1FB-426B-AEE9-2614E2B985A4}"
EndProject
Project("{FAE04EC0-301F-11D3-BF4B-00C04F79EFBC}") = "Gui.Sharp.Tests", "Gui.Sharp.Tests\Gui.Sharp.Tests.csproj", "{49E65A30-CA54-4501-8518-3993744EC14C}"
EndProject
Global
	GlobalSection(SolutionConfigurationPlatforms) = preSolution
		Debug|Any CPU = Debug|Any CPU
		Release|Any CPU = Release|Any CPU
	EndGlobalSection
	GlobalSection(ProjectConfigurationPlatforms) = postSolution
		{36E9007D-FFA2-4E71-A7BE-871CFF56B620}.Debug|Any CPU.ActiveCfg = Debug|Any CPU
		{36E9007D-FFA2-4E71-A7BE-871CFF56B620}.Debug|Any CPU.Build.0 = Debug|Any CPU
		{36E9007D-FFA2-4E71-A7BE-871CFF56B620}.Release|Any CPU.ActiveCfg = Release|Any CPU
		{36E9007D-FFA2-4E71-A7BE-871CFF56B620}.Release|Any CPU.Build.0 = Release|Any CPU
		{16786192-C1FB-426B-AEE9-2614E2B985A4}.Debug|Any CPU.ActiveCfg = Debug|Any CPU
		{16786192-C1FB-426B-AEE9-2614E2B985A4}.Debug|Any CPU.Build.0 = Debug|Any CPU
		{16786192-C1FB-426B-AEE9-2614E2B985A4}.Release|Any CPU.ActiveCfg = Release|Any CPU
		{16786192-C1FB-426B-AEE9-2614E2B985A4}.Release|Any CPU.Build.0 = Release|Any CPU
		{49E65A30-CA54-4501-8518-3993744EC14C}.Debug|Any CPU.ActiveCfg = Debug|Any CPU
		{49E65A30-CA54-4501-8518-3993744EC14C}.Debug|Any CPU.Build.0 = Debug|Any CPU
		{49E65A30-CA54-4501-8518-3993744EC14C}.Release|Any CPU.ActiveCfg = Release|Any CPU
		{49E65A30-CA54-4501-8518-3993744EC14C}.Release|Any CPU.Build.0 = Release|Any CPU
	EndGlobalSection
	GlobalSection(SolutionProperties) = preSolution
		HideSolutionNode = FALSE
	EndGlobalSection
	GlobalSection(ExtensibilityGlobals) = postSolution
		SolutionGuid = {27318355-C859-48AF-AEC0-E5BD0F4C7052}
	EndGlobalSection
EndGlobal
